
Microsoft Visual Studio Solution File, Format Version 12.00
# Visual Studio Version 16
VisualStudioVersion = 16.0.30128.74
MinimumVisualStudioVersion = 10.0.40219.1
Project("{9A19103F-16F7-4668-BE54-9A1E7A4F7556}") = "Rox", "src\Rox\Rox.csproj", "{33336F25-CCCA-4AB3-8D95-819793719DE4}"
EndProject
Project("{9A19103F-16F7-4668-BE54-9A1E7A4F7556}") = "Rox.Sample", "src\Rox.Sample\Rox.Sample.csproj", "{0859E8FB-8058-4837-BF45-52E3922F8FB2}"
EndProject
Project("{9A19103F-16F7-4668-BE54-9A1E7A4F7556}") = "Rox.WebSample", "src\Rox.WebSample\Rox.WebSample.csproj", "{669D94A9-0014-4806-AED8-689ED876A45C}"
EndProject
Project("{FAE04EC0-301F-11D3-BF4B-00C04F79EFBC}") = "Rox.Modules.Hello", "src\Rox.Modules.Hello\Rox.Modules.Hello.csproj", "{2E172BE8-63CF-4166-B031-BEF2E7612B16}"
EndProject
Project("{FAE04EC0-301F-11D3-BF4B-00C04F79EFBC}") = "Rox.Extensions.AspNetCore", "src\Rox.Extensions.AspNetCore\Rox.Extensions.AspNetCore.csproj", "{F3F333E6-B318-40AE-98F1-4674A89195E6}"
EndProject
Project("{FAE04EC0-301F-11D3-BF4B-00C04F79EFBC}") = "Rox.Modules.NLog", "src\Rox.Modules.NLog\Rox.Modules.NLog.csproj", "{171570DC-73AE-4B32-BC65-C4632A67DA65}"
EndProject
Project("{2150E333-8FDC-42A3-9474-1A3956D46DE8}") = "Solution Items", "Solution Items", "{C4A54DCC-2A9C-41E5-955F-36D9E7A94424}"
	ProjectSection(SolutionItems) = preProject
		.gitattributes = .gitattributes
		.gitignore = .gitignore
		LICENSE = LICENSE
		logo.png = logo.png
		README.md = README.md
	EndProjectSection
EndProject
Project("{FAE04EC0-301F-11D3-BF4B-00C04F79EFBC}") = "Rox.Extensions.Hosting", "src\Rox.Extensions.Hosting\Rox.Extensions.Hosting.csproj", "{A603BAA2-5EDF-402B-914F-6CC565B33199}"
EndProject
Global
	GlobalSection(SolutionConfigurationPlatforms) = preSolution
		Debug|Any CPU = Debug|Any CPU
		Release|Any CPU = Release|Any CPU
	EndGlobalSection
	GlobalSection(ProjectConfigurationPlatforms) = postSolution
		{33336F25-CCCA-4AB3-8D95-819793719DE4}.Debug|Any CPU.ActiveCfg = Debug|Any CPU
		{33336F25-CCCA-4AB3-8D95-819793719DE4}.Debug|Any CPU.Build.0 = Debug|Any CPU
		{33336F25-CCCA-4AB3-8D95-819793719DE4}.Release|Any CPU.ActiveCfg = Release|Any CPU
		{33336F25-CCCA-4AB3-8D95-819793719DE4}.Release|Any CPU.Build.0 = Release|Any CPU
		{0859E8FB-8058-4837-BF45-52E3922F8FB2}.Debug|Any CPU.ActiveCfg = Debug|Any CPU
		{0859E8FB-8058-4837-BF45-52E3922F8FB2}.Debug|Any CPU.Build.0 = Debug|Any CPU
		{0859E8FB-8058-4837-BF45-52E3922F8FB2}.Release|Any CPU.ActiveCfg = Release|Any CPU
		{0859E8FB-8058-4837-BF45-52E3922F8FB2}.Release|Any CPU.Build.0 = Release|Any CPU
		{669D94A9-0014-4806-AED8-689ED876A45C}.Debug|Any CPU.ActiveCfg = Debug|Any CPU
		{669D94A9-0014-4806-AED8-689ED876A45C}.Debug|Any CPU.Build.0 = Debug|Any CPU
		{669D94A9-0014-4806-AED8-689ED876A45C}.Release|Any CPU.ActiveCfg = Release|Any CPU
		{669D94A9-0014-4806-AED8-689ED876A45C}.Release|Any CPU.Build.0 = Release|Any CPU
		{2E172BE8-63CF-4166-B031-BEF2E7612B16}.Debug|Any CPU.ActiveCfg = Debug|Any CPU
		{2E172BE8-63CF-4166-B031-BEF2E7612B16}.Debug|Any CPU.Build.0 = Debug|Any CPU
		{2E172BE8-63CF-4166-B031-BEF2E7612B16}.Release|Any CPU.ActiveCfg = Release|Any CPU
		{2E172BE8-63CF-4166-B031-BEF2E7612B16}.Release|Any CPU.Build.0 = Release|Any CPU
		{F3F333E6-B318-40AE-98F1-4674A89195E6}.Debug|Any CPU.ActiveCfg = Debug|Any CPU
		{F3F333E6-B318-40AE-98F1-4674A89195E6}.Debug|Any CPU.Build.0 = Debug|Any CPU
		{F3F333E6-B318-40AE-98F1-4674A89195E6}.Release|Any CPU.ActiveCfg = Release|Any CPU
		{F3F333E6-B318-40AE-98F1-4674A89195E6}.Release|Any CPU.Build.0 = Release|Any CPU
		{171570DC-73AE-4B32-BC65-C4632A67DA65}.Debug|Any CPU.ActiveCfg = Debug|Any CPU
		{171570DC-73AE-4B32-BC65-C4632A67DA65}.Debug|Any CPU.Build.0 = Debug|Any CPU
		{171570DC-73AE-4B32-BC65-C4632A67DA65}.Release|Any CPU.ActiveCfg = Release|Any CPU
		{171570DC-73AE-4B32-BC65-C4632A67DA65}.Release|Any CPU.Build.0 = Release|Any CPU
		{A603BAA2-5EDF-402B-914F-6CC565B33199}.Debug|Any CPU.ActiveCfg = Debug|Any CPU
		{A603BAA2-5EDF-402B-914F-6CC565B33199}.Debug|Any CPU.Build.0 = Debug|Any CPU
		{A603BAA2-5EDF-402B-914F-6CC565B33199}.Release|Any CPU.ActiveCfg = Release|Any CPU
		{A603BAA2-5EDF-402B-914F-6CC565B33199}.Release|Any CPU.Build.0 = Release|Any CPU
	EndGlobalSection
	GlobalSection(SolutionProperties) = preSolution
		HideSolutionNode = FALSE
	EndGlobalSection
	GlobalSection(ExtensibilityGlobals) = postSolution
		SolutionGuid = {BA136C07-8F44-43A4-984A-7A345B00F4E2}
	EndGlobalSection
EndGlobal
